
Microsoft Visual Studio Solution File, Format Version 12.00
# Visual Studio Version 17
VisualStudioVersion = 17.1.32319.34
MinimumVisualStudioVersion = 10.0.40219.1
Project("{FAE04EC0-301F-11D3-BF4B-00C04F79EFBC}") = "PickRandomCards", "PickRandomCards.csproj", "{9AA63C56-0BE7-4220-935B-A1BDE14CB812}"
EndProject
Global
	GlobalSection(SolutionConfigurationPlatforms) = preSolution
		Debug|Any CPU = Debug|Any CPU
		Release|Any CPU = Release|Any CPU
	EndGlobalSection
	GlobalSection(ProjectConfigurationPlatforms) = postSolution
		{9AA63C56-0BE7-4220-935B-A1BDE14CB812}.Debug|Any CPU.ActiveCfg = Debug|Any CPU
		{9AA63C56-0BE7-4220-935B-A1BDE14CB812}.Debug|Any CPU.Build.0 = Debug|Any CPU
		{9AA63C56-0BE7-4220-935B-A1BDE14CB812}.Release|Any CPU.ActiveCfg = Release|Any CPU
		{9AA63C56-0BE7-4220-935B-A1BDE14CB812}.Release|Any CPU.Build.0 = Release|Any CPU
	EndGlobalSection
	GlobalSection(SolutionProperties) = preSolution
		HideSolutionNode = FALSE
	EndGlobalSection
	GlobalSection(ExtensibilityGlobals) = postSolution
		SolutionGuid = {58137035-B55D-4E8E-93AB-A7254B0FC672}
	EndGlobalSection
EndGlobal
